
Microsoft Visual Studio Solution File, Format Version 12.00
# Visual Studio 14
VisualStudioVersion = 14.0.25420.1
MinimumVisualStudioVersion = 10.0.40219.1
Project("{8BC9CEB8-8B4A-11D0-8D11-00A0C91BC942}") = "2_first", "1_first\first.vcxproj", "{4DDA7FEB-61A5-4977-9A28-B46AC40844BB}"
EndProject
Project("{8BC9CEB8-8B4A-11D0-8D11-00A0C91BC942}") = "4_comcap", "2_comcap\comcap.vcxproj", "{8D636633-0E5D-4ED0-A79B-849DCD49BD00}"
EndProject
Project("{8BC9CEB8-8B4A-11D0-8D11-00A0C91BC942}") = "5_kbddriver", "4_kbddriver\kbddriver.vcxproj", "{C32B5216-4016-44DA-BDCC-905397FF625F}"
EndProject
Project("{8BC9CEB8-8B4A-11D0-8D11-00A0C91BC942}") = "5_kbddriver_hook_class", "4_kbddriver_hook_class\4_kbddriver_hook_class.vcxproj", "{269E133C-3B7C-443C-ADFB-FAAA61BD274B}"
EndProject
Project("{8BC9CEB8-8B4A-11D0-8D11-00A0C91BC942}") = "5_kbddriver_hook_port", "4_kbddriver_hook_port\4_kbddriver_hook_port.vcxproj", "{0EB1BE38-5E5A-4DDC-BAB4-D9D31597653F}"
EndProject
Project("{8BC9CEB8-8B4A-11D0-8D11-00A0C91BC942}") = "5_kbddriver_hook_int", "4_kbddriver_hook_int\4_kbddriver_hook_int.vcxproj", "{7D9FC5B1-FC5D-4C2C-A143-B8822FBC439F}"
EndProject
Project("{8BC9CEB8-8B4A-11D0-8D11-00A0C91BC942}") = "5_kbddriver_hook_ioapic", "4_kbddriver_hook_ioapic\kbddriver_hook_ioapic.vcxproj", "{27E232F5-E46A-4D8E-9F65-7FE455E6AFEC}"
EndProject
Project("{8BC9CEB8-8B4A-11D0-8D11-00A0C91BC942}") = "6_HelloDDK", "6_HelloDDK\6_HelloDDK.vcxproj", "{87B3D6DA-EF73-44EE-9761-8076EA2B5E1B}"
EndProject
Project("{8BC9CEB8-8B4A-11D0-8D11-00A0C91BC942}") = "6_HelloWDM", "6_HelloWDM\6_HelloWDM.vcxproj", "{E6644E77-CBD4-4CBE-A609-0CF253E69E1C}"
EndProject
Project("{8BC9CEB8-8B4A-11D0-8D11-00A0C91BC942}") = "6_LoadNTDriver", "6_LoadNTDriver\6_LoadNTDriver.vcxproj", "{25554816-F066-46A6-939B-C6E11708C4F8}"
EndProject
Project("{8BC9CEB8-8B4A-11D0-8D11-00A0C91BC942}") = "8_OpenDevice", "8_OpenDevice\8_OpenDevice.vcxproj", "{06EFC509-8D08-4691-B94B-F8B1188E13B6}"
EndProject
Global
	GlobalSection(SolutionConfigurationPlatforms) = preSolution
		Debug|ARM = Debug|ARM
		Debug|ARM64 = Debug|ARM64
		Debug|x64 = Debug|x64
		Debug|x86 = Debug|x86
		Release|ARM = Release|ARM
		Release|ARM64 = Release|ARM64
		Release|x64 = Release|x64
		Release|x86 = Release|x86
	EndGlobalSection
	GlobalSection(ProjectConfigurationPlatforms) = postSolution
		{4DDA7FEB-61A5-4977-9A28-B46AC40844BB}.Debug|ARM.ActiveCfg = Debug|ARM
		{4DDA7FEB-61A5-4977-9A28-B46AC40844BB}.Debug|ARM.Build.0 = Debug|ARM
		{4DDA7FEB-61A5-4977-9A28-B46AC40844BB}.Debug|ARM.Deploy.0 = Debug|ARM
		{4DDA7FEB-61A5-4977-9A28-B46AC40844BB}.Debug|ARM64.ActiveCfg = Debug|ARM64
		{4DDA7FEB-61A5-4977-9A28-B46AC40844BB}.Debug|ARM64.Build.0 = Debug|ARM64
		{4DDA7FEB-61A5-4977-9A28-B46AC40844BB}.Debug|ARM64.Deploy.0 = Debug|ARM64
		{4DDA7FEB-61A5-4977-9A28-B46AC40844BB}.Debug|x64.ActiveCfg = Debug|x64
		{4DDA7FEB-61A5-4977-9A28-B46AC40844BB}.Debug|x64.Build.0 = Debug|x64
		{4DDA7FEB-61A5-4977-9A28-B46AC40844BB}.Debug|x64.Deploy.0 = Debug|x64
		{4DDA7FEB-61A5-4977-9A28-B46AC40844BB}.Debug|x86.ActiveCfg = Debug|Win32
		{4DDA7FEB-61A5-4977-9A28-B46AC40844BB}.Debug|x86.Build.0 = Debug|Win32
		{4DDA7FEB-61A5-4977-9A28-B46AC40844BB}.Debug|x86.Deploy.0 = Debug|Win32
		{4DDA7FEB-61A5-4977-9A28-B46AC40844BB}.Release|ARM.ActiveCfg = Release|ARM
		{4DDA7FEB-61A5-4977-9A28-B46AC40844BB}.Release|ARM.Build.0 = Release|ARM
		{4DDA7FEB-61A5-4977-9A28-B46AC40844BB}.Release|ARM.Deploy.0 = Release|ARM
		{4DDA7FEB-61A5-4977-9A28-B46AC40844BB}.Release|ARM64.ActiveCfg = Release|ARM64
		{4DDA7FEB-61A5-4977-9A28-B46AC40844BB}.Release|ARM64.Build.0 = Release|ARM64
		{4DDA7FEB-61A5-4977-9A28-B46AC40844BB}.Release|ARM64.Deploy.0 = Release|ARM64
		{4DDA7FEB-61A5-4977-9A28-B46AC40844BB}.Release|x64.ActiveCfg = Release|x64
		{4DDA7FEB-61A5-4977-9A28-B46AC40844BB}.Release|x64.Build.0 = Release|x64
		{4DDA7FEB-61A5-4977-9A28-B46AC40844BB}.Release|x64.Deploy.0 = Release|x64
		{4DDA7FEB-61A5-4977-9A28-B46AC40844BB}.Release|x86.ActiveCfg = Release|Win32
		{4DDA7FEB-61A5-4977-9A28-B46AC40844BB}.Release|x86.Build.0 = Release|Win32
		{4DDA7FEB-61A5-4977-9A28-B46AC40844BB}.Release|x86.Deploy.0 = Release|Win32
		{8D636633-0E5D-4ED0-A79B-849DCD49BD00}.Debug|ARM.ActiveCfg = Debug|ARM
		{8D636633-0E5D-4ED0-A79B-849DCD49BD00}.Debug|ARM.Build.0 = Debug|ARM
		{8D636633-0E5D-4ED0-A79B-849DCD49BD00}.Debug|ARM.Deploy.0 = Debug|ARM
		{8D636633-0E5D-4ED0-A79B-849DCD49BD00}.Debug|ARM64.ActiveCfg = Debug|ARM64
		{8D636633-0E5D-4ED0-A79B-849DCD49BD00}.Debug|ARM64.Build.0 = Debug|ARM64
		{8D636633-0E5D-4ED0-A79B-849DCD49BD00}.Debug|ARM64.Deploy.0 = Debug|ARM64
		{8D636633-0E5D-4ED0-A79B-849DCD49BD00}.Debug|x64.ActiveCfg = Debug|x64
		{8D636633-0E5D-4ED0-A79B-849DCD49BD00}.Debug|x64.Build.0 = Debug|x64
		{8D636633-0E5D-4ED0-A79B-849DCD49BD00}.Debug|x64.Deploy.0 = Debug|x64
		{8D636633-0E5D-4ED0-A79B-849DCD49BD00}.Debug|x86.ActiveCfg = Debug|Win32
		{8D636633-0E5D-4ED0-A79B-849DCD49BD00}.Debug|x86.Build.0 = Debug|Win32
		{8D636633-0E5D-4ED0-A79B-849DCD49BD00}.Debug|x86.Deploy.0 = Debug|Win32
		{8D636633-0E5D-4ED0-A79B-849DCD49BD00}.Release|ARM.ActiveCfg = Release|ARM
		{8D636633-0E5D-4ED0-A79B-849DCD49BD00}.Release|ARM.Build.0 = Release|ARM
		{8D636633-0E5D-4ED0-A79B-849DCD49BD00}.Release|ARM.Deploy.0 = Release|ARM
		{8D636633-0E5D-4ED0-A79B-849DCD49BD00}.Release|ARM64.ActiveCfg = Release|ARM64
		{8D636633-0E5D-4ED0-A79B-849DCD49BD00}.Release|ARM64.Build.0 = Release|ARM64
		{8D636633-0E5D-4ED0-A79B-849DCD49BD00}.Release|ARM64.Deploy.0 = Release|ARM64
		{8D636633-0E5D-4ED0-A79B-849DCD49BD00}.Release|x64.ActiveCfg = Release|x64
		{8D636633-0E5D-4ED0-A79B-849DCD49BD00}.Release|x64.Build.0 = Release|x64
		{8D636633-0E5D-4ED0-A79B-849DCD49BD00}.Release|x64.Deploy.0 = Release|x64
		{8D636633-0E5D-4ED0-A79B-849DCD49BD00}.Release|x86.ActiveCfg = Release|Win32
		{8D636633-0E5D-4ED0-A79B-849DCD49BD00}.Release|x86.Build.0 = Release|Win32
		{8D636633-0E5D-4ED0-A79B-849DCD49BD00}.Release|x86.Deploy.0 = Release|Win32
		{C32B5216-4016-44DA-BDCC-905397FF625F}.Debug|ARM.ActiveCfg = Debug|ARM
		{C32B5216-4016-44DA-BDCC-905397FF625F}.Debug|ARM.Build.0 = Debug|ARM
		{C32B5216-4016-44DA-BDCC-905397FF625F}.Debug|ARM.Deploy.0 = Debug|ARM
		{C32B5216-4016-44DA-BDCC-905397FF625F}.Debug|ARM64.ActiveCfg = Debug|ARM64
		{C32B5216-4016-44DA-BDCC-905397FF625F}.Debug|ARM64.Build.0 = Debug|ARM64
		{C32B5216-4016-44DA-BDCC-905397FF625F}.Debug|ARM64.Deploy.0 = Debug|ARM64
		{C32B5216-4016-44DA-BDCC-905397FF625F}.Debug|x64.ActiveCfg = Debug|x64
		{C32B5216-4016-44DA-BDCC-905397FF625F}.Debug|x64.Build.0 = Debug|x64
		{C32B5216-4016-44DA-BDCC-905397FF625F}.Debug|x64.Deploy.0 = Debug|x64
		{C32B5216-4016-44DA-BDCC-905397FF625F}.Debug|x86.ActiveCfg = Debug|Win32
		{C32B5216-4016-44DA-BDCC-905397FF625F}.Debug|x86.Build.0 = Debug|Win32
		{C32B5216-4016-44DA-BDCC-905397FF625F}.Debug|x86.Deploy.0 = Debug|Win32
		{C32B5216-4016-44DA-BDCC-905397FF625F}.Release|ARM.ActiveCfg = Release|ARM
		{C32B5216-4016-44DA-BDCC-905397FF625F}.Release|ARM.Build.0 = Release|ARM
		{C32B5216-4016-44DA-BDCC-905397FF625F}.Release|ARM.Deploy.0 = Release|ARM
		{C32B5216-4016-44DA-BDCC-905397FF625F}.Release|ARM64.ActiveCfg = Release|ARM64
		{C32B5216-4016-44DA-BDCC-905397FF625F}.Release|ARM64.Build.0 = Release|ARM64
		{C32B5216-4016-44DA-BDCC-905397FF625F}.Release|ARM64.Deploy.0 = Release|ARM64
		{C32B5216-4016-44DA-BDCC-905397FF625F}.Release|x64.ActiveCfg = Release|x64
		{C32B5216-4016-44DA-BDCC-905397FF625F}.Release|x64.Build.0 = Release|x64
		{C32B5216-4016-44DA-BDCC-905397FF625F}.Release|x64.Deploy.0 = Release|x64
		{C32B5216-4016-44DA-BDCC-905397FF625F}.Release|x86.ActiveCfg = Release|Win32
		{C32B5216-4016-44DA-BDCC-905397FF625F}.Release|x86.Build.0 = Release|Win32
		{C32B5216-4016-44DA-BDCC-905397FF625F}.Release|x86.Deploy.0 = Release|Win32
		{269E133C-3B7C-443C-ADFB-FAAA61BD274B}.Debug|ARM.ActiveCfg = Debug|ARM
		{269E133C-3B7C-443C-ADFB-FAAA61BD274B}.Debug|ARM.Build.0 = Debug|ARM
		{269E133C-3B7C-443C-ADFB-FAAA61BD274B}.Debug|ARM.Deploy.0 = Debug|ARM
		{269E133C-3B7C-443C-ADFB-FAAA61BD274B}.Debug|ARM64.ActiveCfg = Debug|ARM64
		{269E133C-3B7C-443C-ADFB-FAAA61BD274B}.Debug|ARM64.Build.0 = Debug|ARM64
		{269E133C-3B7C-443C-ADFB-FAAA61BD274B}.Debug|ARM64.Deploy.0 = Debug|ARM64
		{269E133C-3B7C-443C-ADFB-FAAA61BD274B}.Debug|x64.ActiveCfg = Debug|x64
		{269E133C-3B7C-443C-ADFB-FAAA61BD274B}.Debug|x64.Build.0 = Debug|x64
		{269E133C-3B7C-443C-ADFB-FAAA61BD274B}.Debug|x64.Deploy.0 = Debug|x64
		{269E133C-3B7C-443C-ADFB-FAAA61BD274B}.Debug|x86.ActiveCfg = Debug|Win32
		{269E133C-3B7C-443C-ADFB-FAAA61BD274B}.Debug|x86.Build.0 = Debug|Win32
		{269E133C-3B7C-443C-ADFB-FAAA61BD274B}.Debug|x86.Deploy.0 = Debug|Win32
		{269E133C-3B7C-443C-ADFB-FAAA61BD274B}.Release|ARM.ActiveCfg = Release|ARM
		{269E133C-3B7C-443C-ADFB-FAAA61BD274B}.Release|ARM.Build.0 = Release|ARM
		{269E133C-3B7C-443C-ADFB-FAAA61BD274B}.Release|ARM.Deploy.0 = Release|ARM
		{269E133C-3B7C-443C-ADFB-FAAA61BD274B}.Release|ARM64.ActiveCfg = Release|ARM64
		{269E133C-3B7C-443C-ADFB-FAAA61BD274B}.Release|ARM64.Build.0 = Release|ARM64
		{269E133C-3B7C-443C-ADFB-FAAA61BD274B}.Release|ARM64.Deploy.0 = Release|ARM64
		{269E133C-3B7C-443C-ADFB-FAAA61BD274B}.Release|x64.ActiveCfg = Release|x64
		{269E133C-3B7C-443C-ADFB-FAAA61BD274B}.Release|x64.Build.0 = Release|x64
		{269E133C-3B7C-443C-ADFB-FAAA61BD274B}.Release|x64.Deploy.0 = Release|x64
		{269E133C-3B7C-443C-ADFB-FAAA61BD274B}.Release|x86.ActiveCfg = Release|Win32
		{269E133C-3B7C-443C-ADFB-FAAA61BD274B}.Release|x86.Build.0 = Release|Win32
		{269E133C-3B7C-443C-ADFB-FAAA61BD274B}.Release|x86.Deploy.0 = Release|Win32
		{0EB1BE38-5E5A-4DDC-BAB4-D9D31597653F}.Debug|ARM.ActiveCfg = Debug|ARM
		{0EB1BE38-5E5A-4DDC-BAB4-D9D31597653F}.Debug|ARM.Build.0 = Debug|ARM
		{0EB1BE38-5E5A-4DDC-BAB4-D9D31597653F}.Debug|ARM.Deploy.0 = Debug|ARM
		{0EB1BE38-5E5A-4DDC-BAB4-D9D31597653F}.Debug|ARM64.ActiveCfg = Debug|ARM64
		{0EB1BE38-5E5A-4DDC-BAB4-D9D31597653F}.Debug|ARM64.Build.0 = Debug|ARM64
		{0EB1BE38-5E5A-4DDC-BAB4-D9D31597653F}.Debug|ARM64.Deploy.0 = Debug|ARM64
		{0EB1BE38-5E5A-4DDC-BAB4-D9D31597653F}.Debug|x64.ActiveCfg = Debug|x64
		{0EB1BE38-5E5A-4DDC-BAB4-D9D31597653F}.Debug|x64.Build.0 = Debug|x64
		{0EB1BE38-5E5A-4DDC-BAB4-D9D31597653F}.Debug|x64.Deploy.0 = Debug|x64
		{0EB1BE38-5E5A-4DDC-BAB4-D9D31597653F}.Debug|x86.ActiveCfg = Debug|Win32
		{0EB1BE38-5E5A-4DDC-BAB4-D9D31597653F}.Debug|x86.Build.0 = Debug|Win32
		{0EB1BE38-5E5A-4DDC-BAB4-D9D31597653F}.Debug|x86.Deploy.0 = Debug|Win32
		{0EB1BE38-5E5A-4DDC-BAB4-D9D31597653F}.Release|ARM.ActiveCfg = Release|ARM
		{0EB1BE38-5E5A-4DDC-BAB4-D9D31597653F}.Release|ARM.Build.0 = Release|ARM
		{0EB1BE38-5E5A-4DDC-BAB4-D9D31597653F}.Release|ARM.Deploy.0 = Release|ARM
		{0EB1BE38-5E5A-4DDC-BAB4-D9D31597653F}.Release|ARM64.ActiveCfg = Release|ARM64
		{0EB1BE38-5E5A-4DDC-BAB4-D9D31597653F}.Release|ARM64.Build.0 = Release|ARM64
		{0EB1BE38-5E5A-4DDC-BAB4-D9D31597653F}.Release|ARM64.Deploy.0 = Release|ARM64
		{0EB1BE38-5E5A-4DDC-BAB4-D9D31597653F}.Release|x64.ActiveCfg = Release|x64
		{0EB1BE38-5E5A-4DDC-BAB4-D9D31597653F}.Release|x64.Build.0 = Release|x64
		{0EB1BE38-5E5A-4DDC-BAB4-D9D31597653F}.Release|x64.Deploy.0 = Release|x64
		{0EB1BE38-5E5A-4DDC-BAB4-D9D31597653F}.Release|x86.ActiveCfg = Release|Win32
		{0EB1BE38-5E5A-4DDC-BAB4-D9D31597653F}.Release|x86.Build.0 = Release|Win32
		{0EB1BE38-5E5A-4DDC-BAB4-D9D31597653F}.Release|x86.Deploy.0 = Release|Win32
		{7D9FC5B1-FC5D-4C2C-A143-B8822FBC439F}.Debug|ARM.ActiveCfg = Debug|ARM
		{7D9FC5B1-FC5D-4C2C-A143-B8822FBC439F}.Debug|ARM.Build.0 = Debug|ARM
		{7D9FC5B1-FC5D-4C2C-A143-B8822FBC439F}.Debug|ARM.Deploy.0 = Debug|ARM
		{7D9FC5B1-FC5D-4C2C-A143-B8822FBC439F}.Debug|ARM64.ActiveCfg = Debug|ARM64
		{7D9FC5B1-FC5D-4C2C-A143-B8822FBC439F}.Debug|ARM64.Build.0 = Debug|ARM64
		{7D9FC5B1-FC5D-4C2C-A143-B8822FBC439F}.Debug|ARM64.Deploy.0 = Debug|ARM64
		{7D9FC5B1-FC5D-4C2C-A143-B8822FBC439F}.Debug|x64.ActiveCfg = Debug|x64
		{7D9FC5B1-FC5D-4C2C-A143-B8822FBC439F}.Debug|x64.Build.0 = Debug|x64
		{7D9FC5B1-FC5D-4C2C-A143-B8822FBC439F}.Debug|x64.Deploy.0 = Debug|x64
		{7D9FC5B1-FC5D-4C2C-A143-B8822FBC439F}.Debug|x86.ActiveCfg = Debug|Win32
		{7D9FC5B1-FC5D-4C2C-A143-B8822FBC439F}.Debug|x86.Build.0 = Debug|Win32
		{7D9FC5B1-FC5D-4C2C-A143-B8822FBC439F}.Debug|x86.Deploy.0 = Debug|Win32
		{7D9FC5B1-FC5D-4C2C-A143-B8822FBC439F}.Release|ARM.ActiveCfg = Release|ARM
		{7D9FC5B1-FC5D-4C2C-A143-B8822FBC439F}.Release|ARM.Build.0 = Release|ARM
		{7D9FC5B1-FC5D-4C2C-A143-B8822FBC439F}.Release|ARM.Deploy.0 = Release|ARM
		{7D9FC5B1-FC5D-4C2C-A143-B8822FBC439F}.Release|ARM64.ActiveCfg = Release|ARM64
		{7D9FC5B1-FC5D-4C2C-A143-B8822FBC439F}.Release|ARM64.Build.0 = Release|ARM64
		{7D9FC5B1-FC5D-4C2C-A143-B8822FBC439F}.Release|ARM64.Deploy.0 = Release|ARM64
		{7D9FC5B1-FC5D-4C2C-A143-B8822FBC439F}.Release|x64.ActiveCfg = Release|x64
		{7D9FC5B1-FC5D-4C2C-A143-B8822FBC439F}.Release|x64.Build.0 = Release|x64
		{7D9FC5B1-FC5D-4C2C-A143-B8822FBC439F}.Release|x64.Deploy.0 = Release|x64
		{7D9FC5B1-FC5D-4C2C-A143-B8822FBC439F}.Release|x86.ActiveCfg = Release|Win32
		{7D9FC5B1-FC5D-4C2C-A143-B8822FBC439F}.Release|x86.Build.0 = Release|Win32
		{7D9FC5B1-FC5D-4C2C-A143-B8822FBC439F}.Release|x86.Deploy.0 = Release|Win32
		{27E232F5-E46A-4D8E-9F65-7FE455E6AFEC}.Debug|ARM.ActiveCfg = Debug|ARM
		{27E232F5-E46A-4D8E-9F65-7FE455E6AFEC}.Debug|ARM.Build.0 = Debug|ARM
		{27E232F5-E46A-4D8E-9F65-7FE455E6AFEC}.Debug|ARM.Deploy.0 = Debug|ARM
		{27E232F5-E46A-4D8E-9F65-7FE455E6AFEC}.Debug|ARM64.ActiveCfg = Debug|ARM64
		{27E232F5-E46A-4D8E-9F65-7FE455E6AFEC}.Debug|ARM64.Build.0 = Debug|ARM64
		{27E232F5-E46A-4D8E-9F65-7FE455E6AFEC}.Debug|ARM64.Deploy.0 = Debug|ARM64
		{27E232F5-E46A-4D8E-9F65-7FE455E6AFEC}.Debug|x64.ActiveCfg = Debug|x64
		{27E232F5-E46A-4D8E-9F65-7FE455E6AFEC}.Debug|x64.Build.0 = Debug|x64
		{27E232F5-E46A-4D8E-9F65-7FE455E6AFEC}.Debug|x64.Deploy.0 = Debug|x64
		{27E232F5-E46A-4D8E-9F65-7FE455E6AFEC}.Debug|x86.ActiveCfg = Debug|Win32
		{27E232F5-E46A-4D8E-9F65-7FE455E6AFEC}.Debug|x86.Build.0 = Debug|Win32
		{27E232F5-E46A-4D8E-9F65-7FE455E6AFEC}.Debug|x86.Deploy.0 = Debug|Win32
		{27E232F5-E46A-4D8E-9F65-7FE455E6AFEC}.Release|ARM.ActiveCfg = Release|ARM
		{27E232F5-E46A-4D8E-9F65-7FE455E6AFEC}.Release|ARM.Build.0 = Release|ARM
		{27E232F5-E46A-4D8E-9F65-7FE455E6AFEC}.Release|ARM.Deploy.0 = Release|ARM
		{27E232F5-E46A-4D8E-9F65-7FE455E6AFEC}.Release|ARM64.ActiveCfg = Release|ARM64
		{27E232F5-E46A-4D8E-9F65-7FE455E6AFEC}.Release|ARM64.Build.0 = Release|ARM64
		{27E232F5-E46A-4D8E-9F65-7FE455E6AFEC}.Release|ARM64.Deploy.0 = Release|ARM64
		{27E232F5-E46A-4D8E-9F65-7FE455E6AFEC}.Release|x64.ActiveCfg = Release|x64
		{27E232F5-E46A-4D8E-9F65-7FE455E6AFEC}.Release|x64.Build.0 = Release|x64
		{27E232F5-E46A-4D8E-9F65-7FE455E6AFEC}.Release|x64.Deploy.0 = Release|x64
		{27E232F5-E46A-4D8E-9F65-7FE455E6AFEC}.Release|x86.ActiveCfg = Release|Win32
		{27E232F5-E46A-4D8E-9F65-7FE455E6AFEC}.Release|x86.Build.0 = Release|Win32
		{27E232F5-E46A-4D8E-9F65-7FE455E6AFEC}.Release|x86.Deploy.0 = Release|Win32
		{87B3D6DA-EF73-44EE-9761-8076EA2B5E1B}.Debug|ARM.ActiveCfg = Debug|ARM
		{87B3D6DA-EF73-44EE-9761-8076EA2B5E1B}.Debug|ARM.Build.0 = Debug|ARM
		{87B3D6DA-EF73-44EE-9761-8076EA2B5E1B}.Debug|ARM.Deploy.0 = Debug|ARM
		{87B3D6DA-EF73-44EE-9761-8076EA2B5E1B}.Debug|ARM64.ActiveCfg = Debug|ARM64
		{87B3D6DA-EF73-44EE-9761-8076EA2B5E1B}.Debug|ARM64.Build.0 = Debug|ARM64
		{87B3D6DA-EF73-44EE-9761-8076EA2B5E1B}.Debug|ARM64.Deploy.0 = Debug|ARM64
		{87B3D6DA-EF73-44EE-9761-8076EA2B5E1B}.Debug|x64.ActiveCfg = Debug|x64
		{87B3D6DA-EF73-44EE-9761-8076EA2B5E1B}.Debug|x64.Build.0 = Debug|x64
		{87B3D6DA-EF73-44EE-9761-8076EA2B5E1B}.Debug|x64.Deploy.0 = Debug|x64
		{87B3D6DA-EF73-44EE-9761-8076EA2B5E1B}.Debug|x86.ActiveCfg = Debug|Win32
		{87B3D6DA-EF73-44EE-9761-8076EA2B5E1B}.Debug|x86.Build.0 = Debug|Win32
		{87B3D6DA-EF73-44EE-9761-8076EA2B5E1B}.Debug|x86.Deploy.0 = Debug|Win32
		{87B3D6DA-EF73-44EE-9761-8076EA2B5E1B}.Release|ARM.ActiveCfg = Release|ARM
		{87B3D6DA-EF73-44EE-9761-8076EA2B5E1B}.Release|ARM.Build.0 = Release|ARM
		{87B3D6DA-EF73-44EE-9761-8076EA2B5E1B}.Release|ARM.Deploy.0 = Release|ARM
		{87B3D6DA-EF73-44EE-9761-8076EA2B5E1B}.Release|ARM64.ActiveCfg = Release|ARM64
		{87B3D6DA-EF73-44EE-9761-8076EA2B5E1B}.Release|ARM64.Build.0 = Release|ARM64
		{87B3D6DA-EF73-44EE-9761-8076EA2B5E1B}.Release|ARM64.Deploy.0 = Release|ARM64
		{87B3D6DA-EF73-44EE-9761-8076EA2B5E1B}.Release|x64.ActiveCfg = Release|x64
		{87B3D6DA-EF73-44EE-9761-8076EA2B5E1B}.Release|x64.Build.0 = Release|x64
		{87B3D6DA-EF73-44EE-9761-8076EA2B5E1B}.Release|x64.Deploy.0 = Release|x64
		{87B3D6DA-EF73-44EE-9761-8076EA2B5E1B}.Release|x86.ActiveCfg = Release|Win32
		{87B3D6DA-EF73-44EE-9761-8076EA2B5E1B}.Release|x86.Build.0 = Release|Win32
		{87B3D6DA-EF73-44EE-9761-8076EA2B5E1B}.Release|x86.Deploy.0 = Release|Win32
		{E6644E77-CBD4-4CBE-A609-0CF253E69E1C}.Debug|ARM.ActiveCfg = Debug|ARM
		{E6644E77-CBD4-4CBE-A609-0CF253E69E1C}.Debug|ARM.Build.0 = Debug|ARM
		{E6644E77-CBD4-4CBE-A609-0CF253E69E1C}.Debug|ARM.Deploy.0 = Debug|ARM
		{E6644E77-CBD4-4CBE-A609-0CF253E69E1C}.Debug|ARM64.ActiveCfg = Debug|ARM64
		{E6644E77-CBD4-4CBE-A609-0CF253E69E1C}.Debug|ARM64.Build.0 = Debug|ARM64
		{E6644E77-CBD4-4CBE-A609-0CF253E69E1C}.Debug|ARM64.Deploy.0 = Debug|ARM64
		{E6644E77-CBD4-4CBE-A609-0CF253E69E1C}.Debug|x64.ActiveCfg = Debug|x64
		{E6644E77-CBD4-4CBE-A609-0CF253E69E1C}.Debug|x64.Build.0 = Debug|x64
		{E6644E77-CBD4-4CBE-A609-0CF253E69E1C}.Debug|x64.Deploy.0 = Debug|x64
		{E6644E77-CBD4-4CBE-A609-0CF253E69E1C}.Debug|x86.ActiveCfg = Debug|Win32
		{E6644E77-CBD4-4CBE-A609-0CF253E69E1C}.Debug|x86.Build.0 = Debug|Win32
		{E6644E77-CBD4-4CBE-A609-0CF253E69E1C}.Debug|x86.Deploy.0 = Debug|Win32
		{E6644E77-CBD4-4CBE-A609-0CF253E69E1C}.Release|ARM.ActiveCfg = Release|ARM
		{E6644E77-CBD4-4CBE-A609-0CF253E69E1C}.Release|ARM.Build.0 = Release|ARM
		{E6644E77-CBD4-4CBE-A609-0CF253E69E1C}.Release|ARM.Deploy.0 = Release|ARM
		{E6644E77-CBD4-4CBE-A609-0CF253E69E1C}.Release|ARM64.ActiveCfg = Release|ARM64
		{E6644E77-CBD4-4CBE-A609-0CF253E69E1C}.Release|ARM64.Build.0 = Release|ARM64
		{E6644E77-CBD4-4CBE-A609-0CF253E69E1C}.Release|ARM64.Deploy.0 = Release|ARM64
		{E6644E77-CBD4-4CBE-A609-0CF253E69E1C}.Release|x64.ActiveCfg = Release|x64
		{E6644E77-CBD4-4CBE-A609-0CF253E69E1C}.Release|x64.Build.0 = Release|x64
		{E6644E77-CBD4-4CBE-A609-0CF253E69E1C}.Release|x64.Deploy.0 = Release|x64
		{E6644E77-CBD4-4CBE-A609-0CF253E69E1C}.Release|x86.ActiveCfg = Release|Win32
		{E6644E77-CBD4-4CBE-A609-0CF253E69E1C}.Release|x86.Build.0 = Release|Win32
		{E6644E77-CBD4-4CBE-A609-0CF253E69E1C}.Release|x86.Deploy.0 = Release|Win32
		{25554816-F066-46A6-939B-C6E11708C4F8}.Debug|ARM.ActiveCfg = Debug|Win32
		{25554816-F066-46A6-939B-C6E11708C4F8}.Debug|ARM64.ActiveCfg = Debug|Win32
		{25554816-F066-46A6-939B-C6E11708C4F8}.Debug|x64.ActiveCfg = Debug|x64
		{25554816-F066-46A6-939B-C6E11708C4F8}.Debug|x64.Build.0 = Debug|x64
		{25554816-F066-46A6-939B-C6E11708C4F8}.Debug|x86.ActiveCfg = Debug|Win32
		{25554816-F066-46A6-939B-C6E11708C4F8}.Debug|x86.Build.0 = Debug|Win32
		{25554816-F066-46A6-939B-C6E11708C4F8}.Release|ARM.ActiveCfg = Release|Win32
		{25554816-F066-46A6-939B-C6E11708C4F8}.Release|ARM64.ActiveCfg = Release|Win32
		{25554816-F066-46A6-939B-C6E11708C4F8}.Release|x64.ActiveCfg = Release|x64
		{25554816-F066-46A6-939B-C6E11708C4F8}.Release|x64.Build.0 = Release|x64
		{25554816-F066-46A6-939B-C6E11708C4F8}.Release|x86.ActiveCfg = Release|Win32
		{25554816-F066-46A6-939B-C6E11708C4F8}.Release|x86.Build.0 = Release|Win32
		{06EFC509-8D08-4691-B94B-F8B1188E13B6}.Debug|ARM.ActiveCfg = Debug|Win32
		{06EFC509-8D08-4691-B94B-F8B1188E13B6}.Debug|ARM64.ActiveCfg = Debug|Win32
		{06EFC509-8D08-4691-B94B-F8B1188E13B6}.Debug|x64.ActiveCfg = Debug|x64
		{06EFC509-8D08-4691-B94B-F8B1188E13B6}.Debug|x64.Build.0 = Debug|x64
		{06EFC509-8D08-4691-B94B-F8B1188E13B6}.Debug|x86.ActiveCfg = Debug|Win32
		{06EFC509-8D08-4691-B94B-F8B1188E13B6}.Debug|x86.Build.0 = Debug|Win32
		{06EFC509-8D08-4691-B94B-F8B1188E13B6}.Release|ARM.ActiveCfg = Release|Win32
		{06EFC509-8D08-4691-B94B-F8B1188E13B6}.Release|ARM64.ActiveCfg = Release|Win32
		{06EFC509-8D08-4691-B94B-F8B1188E13B6}.Release|x64.ActiveCfg = Release|x64
		{06EFC509-8D08-4691-B94B-F8B1188E13B6}.Release|x64.Build.0 = Release|x64
		{06EFC509-8D08-4691-B94B-F8B1188E13B6}.Release|x86.ActiveCfg = Release|Win32
		{06EFC509-8D08-4691-B94B-F8B1188E13B6}.Release|x86.Build.0 = Release|Win32
	EndGlobalSection
	GlobalSection(SolutionProperties) = preSolution
		HideSolutionNode = FALSE
	EndGlobalSection
EndGlobal
