
Microsoft Visual Studio Solution File, Format Version 12.00
# Visual Studio 2013
VisualStudioVersion = 12.0.40629.0
MinimumVisualStudioVersion = 10.0.40219.1
Project("{8BC9CEB8-8B4A-11D0-8D11-00A0C91BC942}") = "MSAATest", "MSAATest\MSAATest.vcxproj", "{E9392603-4B78-4EA5-A1D8-9033CF8B3B08}"
EndProject
Project("{8BC9CEB8-8B4A-11D0-8D11-00A0C91BC942}") = "EnumThreadID", "EnumThreadID\EnumThreadID.vcxproj", "{5BEEAC8E-0589-49CC-8695-D7FA4FEC7018}"
EndProject
Project("{8BC9CEB8-8B4A-11D0-8D11-00A0C91BC942}") = "TestDriverType", "TestDriverType\TestDriverType.vcxproj", "{E53778A6-1A2F-4ECC-A19C-47F453605AB1}"
EndProject
Global
	GlobalSection(SolutionConfigurationPlatforms) = preSolution
		Debug|Win32 = Debug|Win32
		Release|Win32 = Release|Win32
	EndGlobalSection
	GlobalSection(ProjectConfigurationPlatforms) = postSolution
		{E9392603-4B78-4EA5-A1D8-9033CF8B3B08}.Debug|Win32.ActiveCfg = Debug|Win32
		{E9392603-4B78-4EA5-A1D8-9033CF8B3B08}.Debug|Win32.Build.0 = Debug|Win32
		{E9392603-4B78-4EA5-A1D8-9033CF8B3B08}.Release|Win32.ActiveCfg = Release|Win32
		{E9392603-4B78-4EA5-A1D8-9033CF8B3B08}.Release|Win32.Build.0 = Release|Win32
		{5BEEAC8E-0589-49CC-8695-D7FA4FEC7018}.Debug|Win32.ActiveCfg = Debug|Win32
		{5BEEAC8E-0589-49CC-8695-D7FA4FEC7018}.Debug|Win32.Build.0 = Debug|Win32
		{5BEEAC8E-0589-49CC-8695-D7FA4FEC7018}.Release|Win32.ActiveCfg = Release|Win32
		{5BEEAC8E-0589-49CC-8695-D7FA4FEC7018}.Release|Win32.Build.0 = Release|Win32
		{E53778A6-1A2F-4ECC-A19C-47F453605AB1}.Debug|Win32.ActiveCfg = Debug|Win32
		{E53778A6-1A2F-4ECC-A19C-47F453605AB1}.Debug|Win32.Build.0 = Debug|Win32
		{E53778A6-1A2F-4ECC-A19C-47F453605AB1}.Release|Win32.ActiveCfg = Release|Win32
		{E53778A6-1A2F-4ECC-A19C-47F453605AB1}.Release|Win32.Build.0 = Release|Win32
	EndGlobalSection
	GlobalSection(SolutionProperties) = preSolution
		HideSolutionNode = FALSE
	EndGlobalSection
EndGlobal
