
Microsoft Visual Studio Solution File, Format Version 12.00
# Visual Studio 2013
VisualStudioVersion = 12.0.21005.1
MinimumVisualStudioVersion = 10.0.40219.1
Project("{8BC9CEB8-8B4A-11D0-8D11-00A0C91BC942}") = "Zip", "Zip\Zip.vcxproj", "{95BE1774-8649-462A-A9AA-7FED870A3EE6}"
EndProject
Project("{8BC9CEB8-8B4A-11D0-8D11-00A0C91BC942}") = "AsyncTask", "AsyncTask\AsyncTask.vcxproj", "{2F6D7B7D-4B8A-43EA-BEE1-07654A64EF1B}"
EndProject
Project("{8BC9CEB8-8B4A-11D0-8D11-00A0C91BC942}") = "File", "File\File.vcxproj", "{E6D97123-51BD-4F46-9AB5-13587D67C5DC}"
EndProject
Project("{8BC9CEB8-8B4A-11D0-8D11-00A0C91BC942}") = "Http", "Http\Http.vcxproj", "{7F78ACB8-4D50-4052-81B2-6E7BCEFFFBCA}"
EndProject
Project("{8BC9CEB8-8B4A-11D0-8D11-00A0C91BC942}") = "Image", "Image\Image.vcxproj", "{8DDB3888-84B8-4743-8383-7567776F31F1}"
EndProject
Project("{8BC9CEB8-8B4A-11D0-8D11-00A0C91BC942}") = "IPC", "IPC\IPC.vcxproj", "{52A5DBA1-8392-456D-A305-26AD1A3BD56D}"
EndProject
Project("{8BC9CEB8-8B4A-11D0-8D11-00A0C91BC942}") = "Log", "Log\Log.vcxproj", "{F35C6488-3929-47BB-933A-FB3CE443278F}"
EndProject
Project("{8BC9CEB8-8B4A-11D0-8D11-00A0C91BC942}") = "MD5", "MD5\MD5.vcxproj", "{163C9AEF-A51B-4D60-B744-E0D923EE3F8E}"
EndProject
Project("{8BC9CEB8-8B4A-11D0-8D11-00A0C91BC942}") = "Network", "Network\Network.vcxproj", "{2BBEE210-9D93-4BCE-9C42-4554748EB5F6}"
EndProject
Project("{8BC9CEB8-8B4A-11D0-8D11-00A0C91BC942}") = "Registry", "Registry\Registry.vcxproj", "{6642C46D-529A-4514-A994-185E7FAD60E8}"
EndProject
Project("{8BC9CEB8-8B4A-11D0-8D11-00A0C91BC942}") = "String", "String\String.vcxproj", "{CBEFA454-52C5-4327-975A-62413E5B27FE}"
EndProject
Project("{8BC9CEB8-8B4A-11D0-8D11-00A0C91BC942}") = "Util", "Util\Util.vcxproj", "{06AB7141-DF5F-43F0-A1CA-74BE62453278}"
EndProject
Project("{2150E333-8FDC-42A3-9474-1A3956D46DE8}") = "CommonLib", "CommonLib", "{CCDFE614-46B8-4DE8-8671-57783FDAC381}"
EndProject
Project("{2150E333-8FDC-42A3-9474-1A3956D46DE8}") = "Test", "Test", "{073A6984-D424-4E83-AC31-3920E3A76ED6}"
EndProject
Project("{8BC9CEB8-8B4A-11D0-8D11-00A0C91BC942}") = "TestLib", "TestLib\TestLib.vcxproj", "{D29BA689-9A6B-4681-818A-0B72ADED4680}"
EndProject
Global
	GlobalSection(SolutionConfigurationPlatforms) = preSolution
		Debug|Win32 = Debug|Win32
		Release|Win32 = Release|Win32
	EndGlobalSection
	GlobalSection(ProjectConfigurationPlatforms) = postSolution
		{95BE1774-8649-462A-A9AA-7FED870A3EE6}.Debug|Win32.ActiveCfg = Debug|Win32
		{95BE1774-8649-462A-A9AA-7FED870A3EE6}.Debug|Win32.Build.0 = Debug|Win32
		{95BE1774-8649-462A-A9AA-7FED870A3EE6}.Release|Win32.ActiveCfg = Release|Win32
		{95BE1774-8649-462A-A9AA-7FED870A3EE6}.Release|Win32.Build.0 = Release|Win32
		{2F6D7B7D-4B8A-43EA-BEE1-07654A64EF1B}.Debug|Win32.ActiveCfg = Debug|Win32
		{2F6D7B7D-4B8A-43EA-BEE1-07654A64EF1B}.Debug|Win32.Build.0 = Debug|Win32
		{2F6D7B7D-4B8A-43EA-BEE1-07654A64EF1B}.Release|Win32.ActiveCfg = Release|Win32
		{2F6D7B7D-4B8A-43EA-BEE1-07654A64EF1B}.Release|Win32.Build.0 = Release|Win32
		{E6D97123-51BD-4F46-9AB5-13587D67C5DC}.Debug|Win32.ActiveCfg = Debug|Win32
		{E6D97123-51BD-4F46-9AB5-13587D67C5DC}.Debug|Win32.Build.0 = Debug|Win32
		{E6D97123-51BD-4F46-9AB5-13587D67C5DC}.Release|Win32.ActiveCfg = Release|Win32
		{E6D97123-51BD-4F46-9AB5-13587D67C5DC}.Release|Win32.Build.0 = Release|Win32
		{7F78ACB8-4D50-4052-81B2-6E7BCEFFFBCA}.Debug|Win32.ActiveCfg = Debug|Win32
		{7F78ACB8-4D50-4052-81B2-6E7BCEFFFBCA}.Debug|Win32.Build.0 = Debug|Win32
		{7F78ACB8-4D50-4052-81B2-6E7BCEFFFBCA}.Release|Win32.ActiveCfg = Release|Win32
		{7F78ACB8-4D50-4052-81B2-6E7BCEFFFBCA}.Release|Win32.Build.0 = Release|Win32
		{8DDB3888-84B8-4743-8383-7567776F31F1}.Debug|Win32.ActiveCfg = Debug|Win32
		{8DDB3888-84B8-4743-8383-7567776F31F1}.Debug|Win32.Build.0 = Debug|Win32
		{8DDB3888-84B8-4743-8383-7567776F31F1}.Release|Win32.ActiveCfg = Release|Win32
		{8DDB3888-84B8-4743-8383-7567776F31F1}.Release|Win32.Build.0 = Release|Win32
		{52A5DBA1-8392-456D-A305-26AD1A3BD56D}.Debug|Win32.ActiveCfg = Debug|Win32
		{52A5DBA1-8392-456D-A305-26AD1A3BD56D}.Debug|Win32.Build.0 = Debug|Win32
		{52A5DBA1-8392-456D-A305-26AD1A3BD56D}.Release|Win32.ActiveCfg = Release|Win32
		{52A5DBA1-8392-456D-A305-26AD1A3BD56D}.Release|Win32.Build.0 = Release|Win32
		{F35C6488-3929-47BB-933A-FB3CE443278F}.Debug|Win32.ActiveCfg = Debug|Win32
		{F35C6488-3929-47BB-933A-FB3CE443278F}.Debug|Win32.Build.0 = Debug|Win32
		{F35C6488-3929-47BB-933A-FB3CE443278F}.Release|Win32.ActiveCfg = Release|Win32
		{F35C6488-3929-47BB-933A-FB3CE443278F}.Release|Win32.Build.0 = Release|Win32
		{163C9AEF-A51B-4D60-B744-E0D923EE3F8E}.Debug|Win32.ActiveCfg = Debug|Win32
		{163C9AEF-A51B-4D60-B744-E0D923EE3F8E}.Debug|Win32.Build.0 = Debug|Win32
		{163C9AEF-A51B-4D60-B744-E0D923EE3F8E}.Release|Win32.ActiveCfg = Release|Win32
		{163C9AEF-A51B-4D60-B744-E0D923EE3F8E}.Release|Win32.Build.0 = Release|Win32
		{2BBEE210-9D93-4BCE-9C42-4554748EB5F6}.Debug|Win32.ActiveCfg = Debug|Win32
		{2BBEE210-9D93-4BCE-9C42-4554748EB5F6}.Debug|Win32.Build.0 = Debug|Win32
		{2BBEE210-9D93-4BCE-9C42-4554748EB5F6}.Release|Win32.ActiveCfg = Release|Win32
		{2BBEE210-9D93-4BCE-9C42-4554748EB5F6}.Release|Win32.Build.0 = Release|Win32
		{6642C46D-529A-4514-A994-185E7FAD60E8}.Debug|Win32.ActiveCfg = Debug|Win32
		{6642C46D-529A-4514-A994-185E7FAD60E8}.Debug|Win32.Build.0 = Debug|Win32
		{6642C46D-529A-4514-A994-185E7FAD60E8}.Release|Win32.ActiveCfg = Release|Win32
		{6642C46D-529A-4514-A994-185E7FAD60E8}.Release|Win32.Build.0 = Release|Win32
		{CBEFA454-52C5-4327-975A-62413E5B27FE}.Debug|Win32.ActiveCfg = Debug|Win32
		{CBEFA454-52C5-4327-975A-62413E5B27FE}.Debug|Win32.Build.0 = Debug|Win32
		{CBEFA454-52C5-4327-975A-62413E5B27FE}.Release|Win32.ActiveCfg = Release|Win32
		{CBEFA454-52C5-4327-975A-62413E5B27FE}.Release|Win32.Build.0 = Release|Win32
		{06AB7141-DF5F-43F0-A1CA-74BE62453278}.Debug|Win32.ActiveCfg = Debug|Win32
		{06AB7141-DF5F-43F0-A1CA-74BE62453278}.Debug|Win32.Build.0 = Debug|Win32
		{06AB7141-DF5F-43F0-A1CA-74BE62453278}.Release|Win32.ActiveCfg = Release|Win32
		{06AB7141-DF5F-43F0-A1CA-74BE62453278}.Release|Win32.Build.0 = Release|Win32
		{D29BA689-9A6B-4681-818A-0B72ADED4680}.Debug|Win32.ActiveCfg = Debug|Win32
		{D29BA689-9A6B-4681-818A-0B72ADED4680}.Debug|Win32.Build.0 = Debug|Win32
		{D29BA689-9A6B-4681-818A-0B72ADED4680}.Release|Win32.ActiveCfg = Release|Win32
		{D29BA689-9A6B-4681-818A-0B72ADED4680}.Release|Win32.Build.0 = Release|Win32
	EndGlobalSection
	GlobalSection(SolutionProperties) = preSolution
		HideSolutionNode = FALSE
	EndGlobalSection
	GlobalSection(NestedProjects) = preSolution
		{2F6D7B7D-4B8A-43EA-BEE1-07654A64EF1B} = {CCDFE614-46B8-4DE8-8671-57783FDAC381}
		{E6D97123-51BD-4F46-9AB5-13587D67C5DC} = {CCDFE614-46B8-4DE8-8671-57783FDAC381}
		{7F78ACB8-4D50-4052-81B2-6E7BCEFFFBCA} = {CCDFE614-46B8-4DE8-8671-57783FDAC381}
		{8DDB3888-84B8-4743-8383-7567776F31F1} = {CCDFE614-46B8-4DE8-8671-57783FDAC381}
		{52A5DBA1-8392-456D-A305-26AD1A3BD56D} = {CCDFE614-46B8-4DE8-8671-57783FDAC381}
		{F35C6488-3929-47BB-933A-FB3CE443278F} = {CCDFE614-46B8-4DE8-8671-57783FDAC381}
		{163C9AEF-A51B-4D60-B744-E0D923EE3F8E} = {CCDFE614-46B8-4DE8-8671-57783FDAC381}
		{2BBEE210-9D93-4BCE-9C42-4554748EB5F6} = {CCDFE614-46B8-4DE8-8671-57783FDAC381}
		{6642C46D-529A-4514-A994-185E7FAD60E8} = {CCDFE614-46B8-4DE8-8671-57783FDAC381}
		{CBEFA454-52C5-4327-975A-62413E5B27FE} = {CCDFE614-46B8-4DE8-8671-57783FDAC381}
		{06AB7141-DF5F-43F0-A1CA-74BE62453278} = {CCDFE614-46B8-4DE8-8671-57783FDAC381}
		{95BE1774-8649-462A-A9AA-7FED870A3EE6} = {CCDFE614-46B8-4DE8-8671-57783FDAC381}
		{D29BA689-9A6B-4681-818A-0B72ADED4680} = {073A6984-D424-4E83-AC31-3920E3A76ED6}
	EndGlobalSection
EndGlobal
