<?xml version="1.0" encoding="utf-8"?>
<Project ToolsVersion="4.0" xmlns="http://schemas.microsoft.com/developer/msbuild/2003">
  <ItemGroup>
    <Filter Include="源文件">
      <UniqueIdentifier>{4FC737F1-C7A5-4376-A066-2A32D752A2FF}</UniqueIdentifier>
      <Extensions>cpp;c;cc;cxx;def;odl;idl;hpj;bat;asm;asmx</Extensions>
    </Filter>
    <Filter Include="头文件">
      <UniqueIdentifier>{93995380-89BD-4b04-88EB-625FBE52EBFB}</UniqueIdentifier>
      <Extensions>h;hh;hpp;hxx;hm;inl;inc;xsd</Extensions>
    </Filter>
    <Filter Include="资源文件">
      <UniqueIdentifier>{67DA6AB6-F800-4c08-8B7A-83BB121AAD01}</UniqueIdentifier>
      <Extensions>rc;ico;cur;bmp;dlg;rc2;rct;bin;rgs;gif;jpg;jpeg;jpe;resx;tiff;tif;png;wav;mfcribbon-ms</Extensions>
    </Filter>
    <Filter Include="ZLib">
      <UniqueIdentifier>{3b2b265f-5a2a-4242-93f5-565ee70df798}</UniqueIdentifier>
    </Filter>
    <Filter Include="WinZip">
      <UniqueIdentifier>{33ceb90b-712d-4b92-931d-3e01e24c1293}</UniqueIdentifier>
    </Filter>
  </ItemGroup>
  <ItemGroup>
    <Text Include="ReadMe.txt" />
  </ItemGroup>
  <ItemGroup>
    <ClCompile Include="Encoding.cpp">
      <Filter>源文件</Filter>
    </ClCompile>
    <ClCompile Include="ZLibWrapLib.cpp">
      <Filter>源文件</Filter>
    </ClCompile>
    <ClCompile Include="WinZip\ioapi.c">
      <Filter>WinZip</Filter>
    </ClCompile>
    <ClCompile Include="WinZip\iowin32.c">
      <Filter>WinZip</Filter>
    </ClCompile>
    <ClCompile Include="WinZip\mztools.c">
      <Filter>WinZip</Filter>
    </ClCompile>
    <ClCompile Include="WinZip\unzip.c">
      <Filter>WinZip</Filter>
    </ClCompile>
    <ClCompile Include="WinZip\zip.c">
      <Filter>WinZip</Filter>
    </ClCompile>
    <ClCompile Include="ZLib\adler32.c">
      <Filter>ZLib</Filter>
    </ClCompile>
    <ClCompile Include="ZLib\compress.c">
      <Filter>ZLib</Filter>
    </ClCompile>
    <ClCompile Include="ZLib\crc32.c">
      <Filter>ZLib</Filter>
    </ClCompile>
    <ClCompile Include="ZLib\deflate.c">
      <Filter>ZLib</Filter>
    </ClCompile>
    <ClCompile Include="ZLib\gzclose.c">
      <Filter>ZLib</Filter>
    </ClCompile>
    <ClCompile Include="ZLib\gzlib.c">
      <Filter>ZLib</Filter>
    </ClCompile>
    <ClCompile Include="ZLib\gzread.c">
      <Filter>ZLib</Filter>
    </ClCompile>
    <ClCompile Include="ZLib\gzwrite.c">
      <Filter>ZLib</Filter>
    </ClCompile>
    <ClCompile Include="ZLib\infback.c">
      <Filter>ZLib</Filter>
    </ClCompile>
    <ClCompile Include="ZLib\inffast.c">
      <Filter>ZLib</Filter>
    </ClCompile>
    <ClCompile Include="ZLib\inflate.c">
      <Filter>ZLib</Filter>
    </ClCompile>
    <ClCompile Include="ZLib\inftrees.c">
      <Filter>ZLib</Filter>
    </ClCompile>
    <ClCompile Include="ZLib\trees.c">
      <Filter>ZLib</Filter>
    </ClCompile>
    <ClCompile Include="ZLib\uncompr.c">
      <Filter>ZLib</Filter>
    </ClCompile>
    <ClCompile Include="ZLib\zutil.c">
      <Filter>ZLib</Filter>
    </ClCompile>
  </ItemGroup>
  <ItemGroup>
    <ClInclude Include="Encoding.h">
      <Filter>头文件</Filter>
    </ClInclude>
    <ClInclude Include="ZLibWrapLib.h">
      <Filter>头文件</Filter>
    </ClInclude>
    <ClInclude Include="WinZip\crypt.h">
      <Filter>WinZip</Filter>
    </ClInclude>
    <ClInclude Include="WinZip\ioapi.h">
      <Filter>WinZip</Filter>
    </ClInclude>
    <ClInclude Include="WinZip\iowin32.h">
      <Filter>WinZip</Filter>
    </ClInclude>
    <ClInclude Include="WinZip\mztools.h">
      <Filter>WinZip</Filter>
    </ClInclude>
    <ClInclude Include="WinZip\unzip.h">
      <Filter>WinZip</Filter>
    </ClInclude>
    <ClInclude Include="WinZip\zip.h">
      <Filter>WinZip</Filter>
    </ClInclude>
    <ClInclude Include="ZLib\crc32.h">
      <Filter>ZLib</Filter>
    </ClInclude>
    <ClInclude Include="ZLib\deflate.h">
      <Filter>ZLib</Filter>
    </ClInclude>
    <ClInclude Include="ZLib\gzguts.h">
      <Filter>ZLib</Filter>
    </ClInclude>
    <ClInclude Include="ZLib\inffast.h">
      <Filter>ZLib</Filter>
    </ClInclude>
    <ClInclude Include="ZLib\inffixed.h">
      <Filter>ZLib</Filter>
    </ClInclude>
    <ClInclude Include="ZLib\inflate.h">
      <Filter>ZLib</Filter>
    </ClInclude>
    <ClInclude Include="ZLib\inftrees.h">
      <Filter>ZLib</Filter>
    </ClInclude>
    <ClInclude Include="ZLib\trees.h">
      <Filter>ZLib</Filter>
    </ClInclude>
    <ClInclude Include="ZLib\zconf.h">
      <Filter>ZLib</Filter>
    </ClInclude>
    <ClInclude Include="ZLib\zlib.h">
      <Filter>ZLib</Filter>
    </ClInclude>
    <ClInclude Include="ZLib\zutil.h">
      <Filter>ZLib</Filter>
    </ClInclude>
  </ItemGroup>
</Project>